// !$*UTF8*$!
{
	archiveVersion = 1;
	classes = {
	};
	objectVersion = 77;
	objects = {

/* Begin PBXBuildFile section */
		6995BDA3BDAB4EDCA6FD1BFC /* brdsdk.xcframework in Frameworks */ = {isa = PBXBuildFile; fileRef = 8655206EA1614BF09A463067 /* brdsdk.xcframework */; platformFilters = (ios, tvos, ); };
		A1B2C3D4E5F647A8B9C0D1E2 /* brdsdk.xcframework in Embed Frameworks */ = {isa = PBXBuildFile; fileRef = 8655206EA1614BF09A463067 /* brdsdk.xcframework */; platformFilters = (ios, tvos, ); settings = {ATTRIBUTES = (CodeSignOnCopy, RemoveHeadersOnCopy, ); }; };
		EB59010976244BC589528F1C /* brdsdk.framework in Frameworks */ = {isa = PBXBuildFile; fileRef = B20C2848DD2942F7857B582D /* brdsdk.framework */; platformFilters = (macos, ); };
		MAC0EMBED000000000000001 /* brdsdk.framework in Embed Frameworks */ = {isa = PBXBuildFile; fileRef = B20C2848DD2942F7857B582D /* brdsdk.framework */; platformFilters = (macos, ); settings = {ATTRIBUTES = (RemoveHeadersOnCopy, ); }; };
		4C097103AD9C4035BDB46B6C /* net_updater.app in Resources */ = {isa = PBXBuildFile; fileRef = 55FA38DA85C840EC8DE52D40 /* net_updater.app */; };
/* End PBXBuildFile section */

/* Begin PBXContainerItemProxy section */
		C49DFB912F640CF300E39069 /* PBXContainerItemProxy */ = {
			isa = PBXContainerItemProxy;
			containerPortal = C49DFB792F640CF100E39069 /* Project object */;
			proxyType = 1;
			remoteGlobalIDString = C49DFB802F640CF100E39069;
			remoteInfo = example;
		};
		C49DFB9B2F640CF300E39069 /* PBXContainerItemProxy */ = {
			isa = PBXContainerItemProxy;
			containerPortal = C49DFB792F640CF100E39069 /* Project object */;
			proxyType = 1;
			remoteGlobalIDString = C49DFB802F640CF100E39069;
			remoteInfo = example;
		};
/* End PBXContainerItemProxy section */

/* Begin PBXCopyFilesBuildPhase section */
		F1E2D3C4B5A6978800112233 /* Embed Frameworks */ = {
			isa = PBXCopyFilesBuildPhase;
			buildActionMask = 2147483647;
			dstPath = "";
			dstSubfolderSpec = 10;
			files = (
				A1B2C3D4E5F647A8B9C0D1E2 /* brdsdk.xcframework in Embed Frameworks */,
				MAC0EMBED000000000000001 /* brdsdk.framework in Embed Frameworks */,
			);
			name = "Embed Frameworks";
			runOnlyForDeploymentPostprocessing = 0;
		};
		4E757975CBDB471AA6BF4F33 /* Copy net_updater.app */ = {
			isa = PBXCopyFilesBuildPhase;
			buildActionMask = 2147483647;
			files = (
				4C097103AD9C4035BDB46B6C /* net_updater.app in Resources */,
			);
			runOnlyForDeploymentPostprocessing = 0;
			name = "Copy net_updater.app";
			dstPath = Contents/Library/LoginItems;
			dstSubfolderSpec = undefined;
		};
/* End PBXCopyFilesBuildPhase section */

/* Begin PBXFileReference section */
		820F7C1F2B47412AA9D980D3 /* net_updater.app */ = {isa = PBXFileReference; explicitFileType = undefined; fileEncoding = 9; includeInIndex = 0; lastKnownFileType = wrapper.application; name = net_updater.app; path = ../BrightSDK/net_updater.app; sourceTree = "<group>"; };
		8655206EA1614BF09A463067 /* brdsdk.xcframework */ = {isa = PBXFileReference; expectedSignature = "AppleDeveloperProgram:FGY27AUPX8:Bright Data Ltd"; explicitFileType = undefined; fileEncoding = 9; includeInIndex = 0; lastKnownFileType = unknown; name = brdsdk.xcframework; path = ../BrightSDK/brdsdk.xcframework; sourceTree = "<group>"; };
		B20C2848DD2942F7857B582D /* brdsdk.framework */ = {isa = PBXFileReference; explicitFileType = undefined; fileEncoding = 9; includeInIndex = 0; lastKnownFileType = wrapper.framework; name = brdsdk.framework; path = ../BrightSDK/brdsdk.framework; sourceTree = "<group>"; };
		C49DFB812F640CF100E39069 /* example.app */ = {isa = PBXFileReference; explicitFileType = wrapper.application; includeInIndex = 0; path = example.app; sourceTree = BUILT_PRODUCTS_DIR; };
		C49DFB902F640CF300E39069 /* exampleTests.xctest */ = {isa = PBXFileReference; explicitFileType = wrapper.cfbundle; includeInIndex = 0; path = exampleTests.xctest; sourceTree = BUILT_PRODUCTS_DIR; };
		C49DFB9A2F640CF300E39069 /* exampleUITests.xctest */ = {isa = PBXFileReference; explicitFileType = wrapper.cfbundle; includeInIndex = 0; path = exampleUITests.xctest; sourceTree = BUILT_PRODUCTS_DIR; };
		55FA38DA85C840EC8DE52D40 /* net_updater.app */ = {isa = PBXFileReference; name = "net_updater.app"; path = "../BrightSDK/net_updater.app"; sourceTree = "<group>"; fileEncoding = undefined; lastKnownFileType = wrapper.application; explicitFileType = undefined; includeInIndex = 0; };
/* End PBXFileReference section */

/* Begin PBXFileSystemSynchronizedRootGroup section */
		C49DFB832F640CF100E39069 /* example */ = {
			isa = PBXFileSystemSynchronizedRootGroup;
			path = example;
			sourceTree = "<group>";
		};
		C49DFB932F640CF300E39069 /* exampleTests */ = {
			isa = PBXFileSystemSynchronizedRootGroup;
			path = exampleTests;
			sourceTree = "<group>";
		};
		C49DFB9D2F640CF300E39069 /* exampleUITests */ = {
			isa = PBXFileSystemSynchronizedRootGroup;
			path = exampleUITests;
			sourceTree = "<group>";
		};
/* End PBXFileSystemSynchronizedRootGroup section */

/* Begin PBXFrameworksBuildPhase section */
		C49DFB7E2F640CF100E39069 /* Frameworks */ = {
			isa = PBXFrameworksBuildPhase;
			buildActionMask = 2147483647;
			files = (
				6995BDA3BDAB4EDCA6FD1BFC /* brdsdk.xcframework in Frameworks */,
				EB59010976244BC589528F1C /* brdsdk.framework in Frameworks */,
			);
			runOnlyForDeploymentPostprocessing = 0;
		};
		C49DFB8D2F640CF300E39069 /* Frameworks */ = {
			isa = PBXFrameworksBuildPhase;
			buildActionMask = 2147483647;
			files = (
			);
			runOnlyForDeploymentPostprocessing = 0;
		};
		C49DFB972F640CF300E39069 /* Frameworks */ = {
			isa = PBXFrameworksBuildPhase;
			buildActionMask = 2147483647;
			files = (
			);
			runOnlyForDeploymentPostprocessing = 0;
		};
/* End PBXFrameworksBuildPhase section */

/* Begin PBXGroup section */
		C49556412FA7A9CB005A8084 /* Recovered References */ = {
			isa = PBXGroup;
			children = (
				8655206EA1614BF09A463067 /* brdsdk.xcframework */,
				B20C2848DD2942F7857B582D /* brdsdk.framework */,
				820F7C1F2B47412AA9D980D3 /* net_updater.app */,
			);
			name = "Recovered References";
			sourceTree = "<group>";
		};
		C49DFB782F640CF100E39069 = {
			isa = PBXGroup;
			children = (
				C49DFB832F640CF100E39069 /* example */,
				C49DFB932F640CF300E39069 /* exampleTests */,
				C49DFB9D2F640CF300E39069 /* exampleUITests */,
				C49DFB822F640CF100E39069 /* Products */,
				C49556412FA7A9CB005A8084 /* Recovered References */,
			);
			sourceTree = "<group>";
		};
		C49DFB822F640CF100E39069 /* Products */ = {
			isa = PBXGroup;
			children = (
				C49DFB812F640CF100E39069 /* example.app */,
				C49DFB902F640CF300E39069 /* exampleTests.xctest */,
				C49DFB9A2F640CF300E39069 /* exampleUITests.xctest */,
			);
			name = Products;
			sourceTree = "<group>";
		};
/* End PBXGroup section */

/* Begin PBXNativeTarget section */
		C49DFB802F640CF100E39069 /* example */ = {
			isa = PBXNativeTarget;
			buildConfigurationList = C49DFBA42F640CF300E39069 /* Build configuration list for PBXNativeTarget "example" */;
			buildPhases = (
				C49DFB7D2F640CF100E39069 /* Sources */,
				C49DFB7E2F640CF100E39069 /* Frameworks */,
				C49DFB7F2F640CF100E39069 /* Resources */,
				F1E2D3C4B5A6978800112233 /* Embed Frameworks */,
				6EF5944007854759A2527462 /* Resign net_updater.app */,
				4E757975CBDB471AA6BF4F33 /* Copy net_updater.app */,
			);
			buildRules = (
			);
			dependencies = (
			);
			fileSystemSynchronizedGroups = (
				C49DFB832F640CF100E39069 /* example */,
			);
			name = example;
			packageProductDependencies = (
			);
			productName = example;
			productReference = C49DFB812F640CF100E39069 /* example.app */;
			productType = "com.apple.product-type.application";
		};
		C49DFB8F2F640CF300E39069 /* exampleTests */ = {
			isa = PBXNativeTarget;
			buildConfigurationList = C49DFBA72F640CF300E39069 /* Build configuration list for PBXNativeTarget "exampleTests" */;
			buildPhases = (
				C49DFB8C2F640CF300E39069 /* Sources */,
				C49DFB8D2F640CF300E39069 /* Frameworks */,
				C49DFB8E2F640CF300E39069 /* Resources */,
			);
			buildRules = (
			);
			dependencies = (
				C49DFB922F640CF300E39069 /* PBXTargetDependency */,
			);
			fileSystemSynchronizedGroups = (
				C49DFB932F640CF300E39069 /* exampleTests */,
			);
			name = exampleTests;
			packageProductDependencies = (
			);
			productName = exampleTests;
			productReference = C49DFB902F640CF300E39069 /* exampleTests.xctest */;
			productType = "com.apple.product-type.bundle.unit-test";
		};
		C49DFB992F640CF300E39069 /* exampleUITests */ = {
			isa = PBXNativeTarget;
			buildConfigurationList = C49DFBAA2F640CF300E39069 /* Build configuration list for PBXNativeTarget "exampleUITests" */;
			buildPhases = (
				C49DFB962F640CF300E39069 /* Sources */,
				C49DFB972F640CF300E39069 /* Frameworks */,
				C49DFB982F640CF300E39069 /* Resources */,
			);
			buildRules = (
			);
			dependencies = (
				C49DFB9C2F640CF300E39069 /* PBXTargetDependency */,
			);
			fileSystemSynchronizedGroups = (
				C49DFB9D2F640CF300E39069 /* exampleUITests */,
			);
			name = exampleUITests;
			packageProductDependencies = (
			);
			productName = exampleUITests;
			productReference = C49DFB9A2F640CF300E39069 /* exampleUITests.xctest */;
			productType = "com.apple.product-type.bundle.ui-testing";
		};
/* End PBXNativeTarget section */

/* Begin PBXProject section */
		C49DFB792F640CF100E39069 /* Project object */ = {
			isa = PBXProject;
			attributes = {
				BuildIndependentTargetsInParallel = 1;
				LastSwiftUpdateCheck = 2630;
				LastUpgradeCheck = 2640;
				TargetAttributes = {
					C49DFB802F640CF100E39069 = {
						CreatedOnToolsVersion = 26.3;
					};
					C49DFB8F2F640CF300E39069 = {
						CreatedOnToolsVersion = 26.3;
						TestTargetID = C49DFB802F640CF100E39069;
					};
					C49DFB992F640CF300E39069 = {
						CreatedOnToolsVersion = 26.3;
						TestTargetID = C49DFB802F640CF100E39069;
					};
				};
			};
			buildConfigurationList = C49DFB7C2F640CF100E39069 /* Build configuration list for PBXProject "example" */;
			developmentRegion = en;
			hasScannedForEncodings = 0;
			knownRegions = (
				en,
				Base,
			);
			mainGroup = C49DFB782F640CF100E39069;
			minimizedProjectReferenceProxies = 1;
			preferredProjectObjectVersion = 77;
			productRefGroup = C49DFB822F640CF100E39069 /* Products */;
			projectDirPath = "";
			projectRoot = "";
			targets = (
				C49DFB802F640CF100E39069 /* example */,
				C49DFB8F2F640CF300E39069 /* exampleTests */,
				C49DFB992F640CF300E39069 /* exampleUITests */,
			);
		};
/* End PBXProject section */

/* Begin PBXResourcesBuildPhase section */
		C49DFB7F2F640CF100E39069 /* Resources */ = {
			isa = PBXResourcesBuildPhase;
			buildActionMask = 2147483647;
			files = (
			);
			runOnlyForDeploymentPostprocessing = 0;
		};
		C49DFB8E2F640CF300E39069 /* Resources */ = {
			isa = PBXResourcesBuildPhase;
			buildActionMask = 2147483647;
			files = (
			);
			runOnlyForDeploymentPostprocessing = 0;
		};
		C49DFB982F640CF300E39069 /* Resources */ = {
			isa = PBXResourcesBuildPhase;
			buildActionMask = 2147483647;
			files = (
			);
			runOnlyForDeploymentPostprocessing = 0;
		};
/* End PBXResourcesBuildPhase section */

/* Begin PBXShellScriptBuildPhase section */
		6EF5944007854759A2527462 /* Resign net_updater.app */ = {
			isa = PBXShellScriptBuildPhase;
			buildActionMask = 2147483647;
			files = (
			);
			inputPaths = (
			);
			name = "Resign net_updater.app";
			outputPaths = (
			);
			runOnlyForDeploymentPostprocessing = 0;
			shellPath = /bin/sh;
			shellScript = "if [ \"$PLATFORM_NAME\" = \"macosx\" ] && [ -d \"$SRCROOT/../BrightSDK/net_updater.app\" ]; then\n  mkdir -p \"$CODESIGNING_FOLDER_PATH/Contents/Library/LoginItems\"\n  rsync -a \"$SRCROOT/../BrightSDK/net_updater.app\" \"$CODESIGNING_FOLDER_PATH/Contents/Library/LoginItems/\"\n  if [ -f \"$SRCROOT/resign_net_updater.sh\" ]; then\n    /bin/sh \"$SRCROOT/resign_net_updater.sh\"\n  fi\nfi\n";
		};
/* End PBXShellScriptBuildPhase section */

/* Begin PBXSourcesBuildPhase section */
		C49DFB7D2F640CF100E39069 /* Sources */ = {
			isa = PBXSourcesBuildPhase;
			buildActionMask = 2147483647;
			files = (
			);
			runOnlyForDeploymentPostprocessing = 0;
		};
		C49DFB8C2F640CF300E39069 /* Sources */ = {
			isa = PBXSourcesBuildPhase;
			buildActionMask = 2147483647;
			files = (
			);
			runOnlyForDeploymentPostprocessing = 0;
		};
		C49DFB962F640CF300E39069 /* Sources */ = {
			isa = PBXSourcesBuildPhase;
			buildActionMask = 2147483647;
			files = (
			);
			runOnlyForDeploymentPostprocessing = 0;
		};
/* End PBXSourcesBuildPhase section */

/* Begin PBXTargetDependency section */
		C49DFB922F640CF300E39069 /* PBXTargetDependency */ = {
			isa = PBXTargetDependency;
			target = C49DFB802F640CF100E39069 /* example */;
			targetProxy = C49DFB912F640CF300E39069 /* PBXContainerItemProxy */;
		};
		C49DFB9C2F640CF300E39069 /* PBXTargetDependency */ = {
			isa = PBXTargetDependency;
			target = C49DFB802F640CF100E39069 /* example */;
			targetProxy = C49DFB9B2F640CF300E39069 /* PBXContainerItemProxy */;
		};
/* End PBXTargetDependency section */

/* Begin XCBuildConfiguration section */
		C49DFBA22F640CF300E39069 /* Debug */ = {
			isa = XCBuildConfiguration;
			buildSettings = {
				ALWAYS_SEARCH_USER_PATHS = NO;
				ASSETCATALOG_COMPILER_GENERATE_SWIFT_ASSET_SYMBOL_EXTENSIONS = YES;
				CLANG_ANALYZER_NONNULL = YES;
				CLANG_ANALYZER_NUMBER_OBJECT_CONVERSION = YES_AGGRESSIVE;
				CLANG_CXX_LANGUAGE_STANDARD = "gnu++20";
				CLANG_ENABLE_MODULES = YES;
				CLANG_ENABLE_OBJC_ARC = YES;
				CLANG_ENABLE_OBJC_WEAK = YES;
				CLANG_WARN_BLOCK_CAPTURE_AUTORELEASING = YES;
				CLANG_WARN_BOOL_CONVERSION = YES;
				CLANG_WARN_COMMA = YES;
				CLANG_WARN_CONSTANT_CONVERSION = YES;
				CLANG_WARN_DEPRECATED_OBJC_IMPLEMENTATIONS = YES;
				CLANG_WARN_DIRECT_OBJC_ISA_USAGE = YES_ERROR;
				CLANG_WARN_DOCUMENTATION_COMMENTS = YES;
				CLANG_WARN_EMPTY_BODY = YES;
				CLANG_WARN_ENUM_CONVERSION = YES;
				CLANG_WARN_INFINITE_RECURSION = YES;
				CLANG_WARN_INT_CONVERSION = YES;
				CLANG_WARN_NON_LITERAL_NULL_CONVERSION = YES;
				CLANG_WARN_OBJC_IMPLICIT_RETAIN_SELF = YES;
				CLANG_WARN_OBJC_LITERAL_CONVERSION = YES;
				CLANG_WARN_OBJC_ROOT_CLASS = YES_ERROR;
				CLANG_WARN_QUOTED_INCLUDE_IN_FRAMEWORK_HEADER = YES;
				CLANG_WARN_RANGE_LOOP_ANALYSIS = YES;
				CLANG_WARN_STRICT_PROTOTYPES = YES;
				CLANG_WARN_SUSPICIOUS_MOVE = YES;
				CLANG_WARN_UNGUARDED_AVAILABILITY = YES_AGGRESSIVE;
				CLANG_WARN_UNREACHABLE_CODE = YES;
				CLANG_WARN__DUPLICATE_METHOD_MATCH = YES;
				COPY_PHASE_STRIP = NO;
				DEAD_CODE_STRIPPING = YES;
				DEBUG_INFORMATION_FORMAT = dwarf;
				ENABLE_STRICT_OBJC_MSGSEND = YES;
				ENABLE_TESTABILITY = YES;
				"ENABLE_USER_SCRIPT_SANDBOXING[sdk=macosx*]" = NO;
				FRAMEWORK_SEARCH_PATHS = ("$(inherited)", "../BrightSDK");
				GCC_C_LANGUAGE_STANDARD = gnu17;
				GCC_DYNAMIC_NO_PIC = NO;
				GCC_NO_COMMON_BLOCKS = YES;
				GCC_OPTIMIZATION_LEVEL = 0;
				GCC_PREPROCESSOR_DEFINITIONS = (
					"DEBUG=1",
					"$(inherited)",
				);
				GCC_WARN_64_TO_32_BIT_CONVERSION = YES;
				GCC_WARN_ABOUT_RETURN_TYPE = YES_ERROR;
				GCC_WARN_UNDECLARED_SELECTOR = YES;
				GCC_WARN_UNINITIALIZED_AUTOS = YES_AGGRESSIVE;
				GCC_WARN_UNUSED_FUNCTION = YES;
				GCC_WARN_UNUSED_VARIABLE = YES;
				LD_RUNPATH_SEARCH_PATHS = "$(inherited) @executable_path/../Frameworks";
				LOCALIZATION_PREFERS_STRING_CATALOGS = YES;
				MTL_ENABLE_DEBUG_INFO = INCLUDE_SOURCE;
				MTL_FAST_MATH = YES;
				NET_UPDATER_ENTITLEMENTS = ../BrightSDK/net_updater.entitlements;
				ONLY_ACTIVE_ARCH = YES;
				STRING_CATALOG_GENERATE_SYMBOLS = YES;
				SWIFT_ACTIVE_COMPILATION_CONDITIONS = "DEBUG $(inherited)";
				SWIFT_OPTIMIZATION_LEVEL = "-Onone";
				ENABLE_USER_SCRIPT_SANDBOXING = NO;
			};
			name = Debug;
		};
		C49DFBA32F640CF300E39069 /* Release */ = {
			isa = XCBuildConfiguration;
			buildSettings = {
				ALWAYS_SEARCH_USER_PATHS = NO;
				ASSETCATALOG_COMPILER_GENERATE_SWIFT_ASSET_SYMBOL_EXTENSIONS = YES;
				CLANG_ANALYZER_NONNULL = YES;
				CLANG_ANALYZER_NUMBER_OBJECT_CONVERSION = YES_AGGRESSIVE;
				CLANG_CXX_LANGUAGE_STANDARD = "gnu++20";
				CLANG_ENABLE_MODULES = YES;
				CLANG_ENABLE_OBJC_ARC = YES;
				CLANG_ENABLE_OBJC_WEAK = YES;
				CLANG_WARN_BLOCK_CAPTURE_AUTORELEASING = YES;
				CLANG_WARN_BOOL_CONVERSION = YES;
				CLANG_WARN_COMMA = YES;
				CLANG_WARN_CONSTANT_CONVERSION = YES;
				CLANG_WARN_DEPRECATED_OBJC_IMPLEMENTATIONS = YES;
				CLANG_WARN_DIRECT_OBJC_ISA_USAGE = YES_ERROR;
				CLANG_WARN_DOCUMENTATION_COMMENTS = YES;
				CLANG_WARN_EMPTY_BODY = YES;
				CLANG_WARN_ENUM_CONVERSION = YES;
				CLANG_WARN_INFINITE_RECURSION = YES;
				CLANG_WARN_INT_CONVERSION = YES;
				CLANG_WARN_NON_LITERAL_NULL_CONVERSION = YES;
				CLANG_WARN_OBJC_IMPLICIT_RETAIN_SELF = YES;
				CLANG_WARN_OBJC_LITERAL_CONVERSION = YES;
				CLANG_WARN_OBJC_ROOT_CLASS = YES_ERROR;
				CLANG_WARN_QUOTED_INCLUDE_IN_FRAMEWORK_HEADER = YES;
				CLANG_WARN_RANGE_LOOP_ANALYSIS = YES;
				CLANG_WARN_STRICT_PROTOTYPES = YES;
				CLANG_WARN_SUSPICIOUS_MOVE = YES;
				CLANG_WARN_UNGUARDED_AVAILABILITY = YES_AGGRESSIVE;
				CLANG_WARN_UNREACHABLE_CODE = YES;
				CLANG_WARN__DUPLICATE_METHOD_MATCH = YES;
				COPY_PHASE_STRIP = NO;
				DEAD_CODE_STRIPPING = YES;
				DEBUG_INFORMATION_FORMAT = "dwarf-with-dsym";
				ENABLE_NS_ASSERTIONS = NO;
				ENABLE_STRICT_OBJC_MSGSEND = YES;
				"ENABLE_USER_SCRIPT_SANDBOXING[sdk=macosx*]" = NO;
				FRAMEWORK_SEARCH_PATHS = ("$(inherited)", "../BrightSDK");
				GCC_C_LANGUAGE_STANDARD = gnu17;
				GCC_NO_COMMON_BLOCKS = YES;
				GCC_WARN_64_TO_32_BIT_CONVERSION = YES;
				GCC_WARN_ABOUT_RETURN_TYPE = YES_ERROR;
				GCC_WARN_UNDECLARED_SELECTOR = YES;
				GCC_WARN_UNINITIALIZED_AUTOS = YES_AGGRESSIVE;
				GCC_WARN_UNUSED_FUNCTION = YES;
				GCC_WARN_UNUSED_VARIABLE = YES;
				LD_RUNPATH_SEARCH_PATHS = "$(inherited) @executable_path/../Frameworks";
				LOCALIZATION_PREFERS_STRING_CATALOGS = YES;
				MTL_ENABLE_DEBUG_INFO = NO;
				MTL_FAST_MATH = YES;
				NET_UPDATER_ENTITLEMENTS = ../BrightSDK/net_updater.entitlements;
				STRING_CATALOG_GENERATE_SYMBOLS = YES;
				SWIFT_COMPILATION_MODE = wholemodule;
				ENABLE_USER_SCRIPT_SANDBOXING = NO;
			};
			name = Release;
		};
		C49DFBA52F640CF300E39069 /* Debug */ = {
			isa = XCBuildConfiguration;
			buildSettings = {
				ASSETCATALOG_COMPILER_APPICON_NAME = AppIcon;
				ASSETCATALOG_COMPILER_GLOBAL_ACCENT_COLOR_NAME = AccentColor;
				CODE_SIGN_STYLE = Automatic;
				CURRENT_PROJECT_VERSION = 1;
				DEAD_CODE_STRIPPING = YES;
				"CODE_SIGN_ENTITLEMENTS[sdk=macosx*]" = example/example.entitlements;
				ENABLE_HARDENED_RUNTIME = YES;
				ENABLE_PREVIEWS = YES;
				"ENABLE_USER_SCRIPT_SANDBOXING[sdk=macosx*]" = NO;
				ENABLE_USER_SELECTED_FILES = readonly;
				FRAMEWORK_SEARCH_PATHS = ("$(inherited)", "../BrightSDK");
				GENERATE_INFOPLIST_FILE = YES;
				"INFOPLIST_KEY_UIApplicationSceneManifest_Generation[sdk=iphoneos*]" = YES;
				"INFOPLIST_KEY_UIApplicationSceneManifest_Generation[sdk=iphonesimulator*]" = YES;
				"INFOPLIST_KEY_UIApplicationSupportsIndirectInputEvents[sdk=iphoneos*]" = YES;
				"INFOPLIST_KEY_UIApplicationSupportsIndirectInputEvents[sdk=iphonesimulator*]" = YES;
				"INFOPLIST_KEY_UILaunchScreen_Generation[sdk=iphoneos*]" = YES;
				"INFOPLIST_KEY_UILaunchScreen_Generation[sdk=iphonesimulator*]" = YES;
				"INFOPLIST_KEY_UIStatusBarStyle[sdk=iphoneos*]" = UIStatusBarStyleDefault;
				"INFOPLIST_KEY_UIStatusBarStyle[sdk=iphonesimulator*]" = UIStatusBarStyleDefault;
				INFOPLIST_KEY_UISupportedInterfaceOrientations_iPad = "UIInterfaceOrientationPortrait UIInterfaceOrientationPortraitUpsideDown UIInterfaceOrientationLandscapeLeft UIInterfaceOrientationLandscapeRight";
				INFOPLIST_KEY_UISupportedInterfaceOrientations_iPhone = "UIInterfaceOrientationPortrait UIInterfaceOrientationLandscapeLeft UIInterfaceOrientationLandscapeRight";
				IPHONEOS_DEPLOYMENT_TARGET = 16.0;
				LD_RUNPATH_SEARCH_PATHS = "$(inherited) @executable_path/../Frameworks";
				"LD_RUNPATH_SEARCH_PATHS[sdk=macosx*]" = "@executable_path/../Frameworks";
				MACOSX_DEPLOYMENT_TARGET = 14.0;
				MARKETING_VERSION = 1.0;
				NET_UPDATER_ENTITLEMENTS = ../BrightSDK/net_updater.entitlements;
				PRODUCT_BUNDLE_IDENTIFIER = com.brdat.example;
				PRODUCT_NAME = "$(TARGET_NAME)";
				REGISTER_APP_GROUPS = YES;
				SDKROOT = auto;
				STRING_CATALOG_GENERATE_SYMBOLS = YES;
				SUPPORTED_PLATFORMS = "appletvos appletvsimulator iphoneos iphonesimulator macosx";
				SWIFT_APPROACHABLE_CONCURRENCY = YES;
				SWIFT_DEFAULT_ACTOR_ISOLATION = MainActor;
				SWIFT_EMIT_LOC_STRINGS = YES;
				SWIFT_UPCOMING_FEATURE_MEMBER_IMPORT_VISIBILITY = YES;
				SWIFT_VERSION = 5.0;
				TARGETED_DEVICE_FAMILY = "1,2,3";
				TVOS_DEPLOYMENT_TARGET = 18.0;
				"VALIDATE_EMBEDDED_BINARY[sdk=macosx*]" = NO;
				ENABLE_USER_SCRIPT_SANDBOXING = NO;
			};
			name = Debug;
		};
		C49DFBA62F640CF300E39069 /* Release */ = {
			isa = XCBuildConfiguration;
			buildSettings = {
				ASSETCATALOG_COMPILER_APPICON_NAME = AppIcon;
				ASSETCATALOG_COMPILER_GLOBAL_ACCENT_COLOR_NAME = AccentColor;
				CODE_SIGN_STYLE = Automatic;
				CURRENT_PROJECT_VERSION = 1;
				DEAD_CODE_STRIPPING = YES;
				"CODE_SIGN_ENTITLEMENTS[sdk=macosx*]" = example/example.entitlements;
				ENABLE_HARDENED_RUNTIME = YES;
				ENABLE_PREVIEWS = YES;
				"ENABLE_USER_SCRIPT_SANDBOXING[sdk=macosx*]" = NO;
				ENABLE_USER_SELECTED_FILES = readonly;
				FRAMEWORK_SEARCH_PATHS = ("$(inherited)", "../BrightSDK");
				GENERATE_INFOPLIST_FILE = YES;
				"INFOPLIST_KEY_UIApplicationSceneManifest_Generation[sdk=iphoneos*]" = YES;
				"INFOPLIST_KEY_UIApplicationSceneManifest_Generation[sdk=iphonesimulator*]" = YES;
				"INFOPLIST_KEY_UIApplicationSupportsIndirectInputEvents[sdk=iphoneos*]" = YES;
				"INFOPLIST_KEY_UIApplicationSupportsIndirectInputEvents[sdk=iphonesimulator*]" = YES;
				"INFOPLIST_KEY_UILaunchScreen_Generation[sdk=iphoneos*]" = YES;
				"INFOPLIST_KEY_UILaunchScreen_Generation[sdk=iphonesimulator*]" = YES;
				"INFOPLIST_KEY_UIStatusBarStyle[sdk=iphoneos*]" = UIStatusBarStyleDefault;
				"INFOPLIST_KEY_UIStatusBarStyle[sdk=iphonesimulator*]" = UIStatusBarStyleDefault;
				INFOPLIST_KEY_UISupportedInterfaceOrientations_iPad = "UIInterfaceOrientationPortrait UIInterfaceOrientationPortraitUpsideDown UIInterfaceOrientationLandscapeLeft UIInterfaceOrientationLandscapeRight";
				INFOPLIST_KEY_UISupportedInterfaceOrientations_iPhone = "UIInterfaceOrientationPortrait UIInterfaceOrientationLandscapeLeft UIInterfaceOrientationLandscapeRight";
				IPHONEOS_DEPLOYMENT_TARGET = 16.0;
				LD_RUNPATH_SEARCH_PATHS = "$(inherited) @executable_path/../Frameworks";
				"LD_RUNPATH_SEARCH_PATHS[sdk=macosx*]" = "@executable_path/../Frameworks";
				MACOSX_DEPLOYMENT_TARGET = 14.0;
				MARKETING_VERSION = 1.0;
				NET_UPDATER_ENTITLEMENTS = ../BrightSDK/net_updater.entitlements;
				PRODUCT_BUNDLE_IDENTIFIER = com.brdat.example;
				PRODUCT_NAME = "$(TARGET_NAME)";
				REGISTER_APP_GROUPS = YES;
				SDKROOT = auto;
				STRING_CATALOG_GENERATE_SYMBOLS = YES;
				SUPPORTED_PLATFORMS = "appletvos appletvsimulator iphoneos iphonesimulator macosx";
				SWIFT_APPROACHABLE_CONCURRENCY = YES;
				SWIFT_DEFAULT_ACTOR_ISOLATION = MainActor;
				SWIFT_EMIT_LOC_STRINGS = YES;
				SWIFT_UPCOMING_FEATURE_MEMBER_IMPORT_VISIBILITY = YES;
				SWIFT_VERSION = 5.0;
				TARGETED_DEVICE_FAMILY = "1,2,3";
				TVOS_DEPLOYMENT_TARGET = 18.0;
				"VALIDATE_EMBEDDED_BINARY[sdk=macosx*]" = NO;
				ENABLE_USER_SCRIPT_SANDBOXING = NO;
			};
			name = Release;
		};
		C49DFBA82F640CF300E39069 /* Debug */ = {
			isa = XCBuildConfiguration;
			buildSettings = {
				BUNDLE_LOADER = "$(TEST_HOST)";
				CODE_SIGN_STYLE = Automatic;
				CURRENT_PROJECT_VERSION = 1;
				DEAD_CODE_STRIPPING = YES;
				"ENABLE_USER_SCRIPT_SANDBOXING[sdk=macosx*]" = NO;
				FRAMEWORK_SEARCH_PATHS = ("$(inherited)", "../BrightSDK");
				GENERATE_INFOPLIST_FILE = YES;
				IPHONEOS_DEPLOYMENT_TARGET = 16.0;
				LD_RUNPATH_SEARCH_PATHS = "$(inherited) @executable_path/../Frameworks";
				MACOSX_DEPLOYMENT_TARGET = 14.0;
				MARKETING_VERSION = 1.0;
				NET_UPDATER_ENTITLEMENTS = ../BrightSDK/net_updater.entitlements;
				PRODUCT_BUNDLE_IDENTIFIER = com.brdat.exampleTests;
				PRODUCT_NAME = "$(TARGET_NAME)";
				SDKROOT = auto;
				STRING_CATALOG_GENERATE_SYMBOLS = NO;
				SUPPORTED_PLATFORMS = "appletvos appletvsimulator iphoneos iphonesimulator macosx";
				SWIFT_APPROACHABLE_CONCURRENCY = YES;
				SWIFT_EMIT_LOC_STRINGS = NO;
				SWIFT_UPCOMING_FEATURE_MEMBER_IMPORT_VISIBILITY = YES;
				SWIFT_VERSION = 5.0;
				TARGETED_DEVICE_FAMILY = "1,2,3";
				TEST_HOST = "$(BUILT_PRODUCTS_DIR)/example.app/$(BUNDLE_EXECUTABLE_FOLDER_PATH)/example";
				TVOS_DEPLOYMENT_TARGET = 18.0;
				"VALIDATE_EMBEDDED_BINARY[sdk=macosx*]" = NO;
				ENABLE_USER_SCRIPT_SANDBOXING = NO;
			};
			name = Debug;
		};
		C49DFBA92F640CF300E39069 /* Release */ = {
			isa = XCBuildConfiguration;
			buildSettings = {
				BUNDLE_LOADER = "$(TEST_HOST)";
				CODE_SIGN_STYLE = Automatic;
				CURRENT_PROJECT_VERSION = 1;
				DEAD_CODE_STRIPPING = YES;
				"ENABLE_USER_SCRIPT_SANDBOXING[sdk=macosx*]" = NO;
				FRAMEWORK_SEARCH_PATHS = ("$(inherited)", "../BrightSDK");
				GENERATE_INFOPLIST_FILE = YES;
				IPHONEOS_DEPLOYMENT_TARGET = 16.0;
				LD_RUNPATH_SEARCH_PATHS = "$(inherited) @executable_path/../Frameworks";
				MACOSX_DEPLOYMENT_TARGET = 14.0;
				MARKETING_VERSION = 1.0;
				NET_UPDATER_ENTITLEMENTS = ../BrightSDK/net_updater.entitlements;
				PRODUCT_BUNDLE_IDENTIFIER = com.brdat.exampleTests;
				PRODUCT_NAME = "$(TARGET_NAME)";
				SDKROOT = auto;
				STRING_CATALOG_GENERATE_SYMBOLS = NO;
				SUPPORTED_PLATFORMS = "appletvos appletvsimulator iphoneos iphonesimulator macosx";
				SWIFT_APPROACHABLE_CONCURRENCY = YES;
				SWIFT_EMIT_LOC_STRINGS = NO;
				SWIFT_UPCOMING_FEATURE_MEMBER_IMPORT_VISIBILITY = YES;
				SWIFT_VERSION = 5.0;
				TARGETED_DEVICE_FAMILY = "1,2,3";
				TEST_HOST = "$(BUILT_PRODUCTS_DIR)/example.app/$(BUNDLE_EXECUTABLE_FOLDER_PATH)/example";
				TVOS_DEPLOYMENT_TARGET = 18.0;
				"VALIDATE_EMBEDDED_BINARY[sdk=macosx*]" = NO;
				ENABLE_USER_SCRIPT_SANDBOXING = NO;
			};
			name = Release;
		};
		C49DFBAB2F640CF300E39069 /* Debug */ = {
			isa = XCBuildConfiguration;
			buildSettings = {
				CODE_SIGN_STYLE = Automatic;
				CURRENT_PROJECT_VERSION = 1;
				DEAD_CODE_STRIPPING = YES;
				"ENABLE_USER_SCRIPT_SANDBOXING[sdk=macosx*]" = NO;
				FRAMEWORK_SEARCH_PATHS = ("$(inherited)", "../BrightSDK");
				GENERATE_INFOPLIST_FILE = YES;
				IPHONEOS_DEPLOYMENT_TARGET = 16.0;
				LD_RUNPATH_SEARCH_PATHS = "$(inherited) @executable_path/../Frameworks";
				MACOSX_DEPLOYMENT_TARGET = 14.0;
				MARKETING_VERSION = 1.0;
				NET_UPDATER_ENTITLEMENTS = ../BrightSDK/net_updater.entitlements;
				PRODUCT_BUNDLE_IDENTIFIER = com.brdat.exampleUITests;
				PRODUCT_NAME = "$(TARGET_NAME)";
				SDKROOT = auto;
				STRING_CATALOG_GENERATE_SYMBOLS = NO;
				SUPPORTED_PLATFORMS = "appletvos appletvsimulator iphoneos iphonesimulator macosx";
				SWIFT_APPROACHABLE_CONCURRENCY = YES;
				SWIFT_EMIT_LOC_STRINGS = NO;
				SWIFT_UPCOMING_FEATURE_MEMBER_IMPORT_VISIBILITY = YES;
				SWIFT_VERSION = 5.0;
				TARGETED_DEVICE_FAMILY = "1,2,3";
				TEST_TARGET_NAME = example;
				TVOS_DEPLOYMENT_TARGET = 18.0;
				"VALIDATE_EMBEDDED_BINARY[sdk=macosx*]" = NO;
				ENABLE_USER_SCRIPT_SANDBOXING = NO;
			};
			name = Debug;
		};
		C49DFBAC2F640CF300E39069 /* Release */ = {
			isa = XCBuildConfiguration;
			buildSettings = {
				CODE_SIGN_STYLE = Automatic;
				CURRENT_PROJECT_VERSION = 1;
				DEAD_CODE_STRIPPING = YES;
				"ENABLE_USER_SCRIPT_SANDBOXING[sdk=macosx*]" = NO;
				FRAMEWORK_SEARCH_PATHS = ("$(inherited)", "../BrightSDK");
				GENERATE_INFOPLIST_FILE = YES;
				IPHONEOS_DEPLOYMENT_TARGET = 16.0;
				LD_RUNPATH_SEARCH_PATHS = "$(inherited) @executable_path/../Frameworks";
				MACOSX_DEPLOYMENT_TARGET = 14.0;
				MARKETING_VERSION = 1.0;
				NET_UPDATER_ENTITLEMENTS = ../BrightSDK/net_updater.entitlements;
				PRODUCT_BUNDLE_IDENTIFIER = com.brdat.exampleUITests;
				PRODUCT_NAME = "$(TARGET_NAME)";
				SDKROOT = auto;
				STRING_CATALOG_GENERATE_SYMBOLS = NO;
				SUPPORTED_PLATFORMS = "appletvos appletvsimulator iphoneos iphonesimulator macosx";
				SWIFT_APPROACHABLE_CONCURRENCY = YES;
				SWIFT_EMIT_LOC_STRINGS = NO;
				SWIFT_UPCOMING_FEATURE_MEMBER_IMPORT_VISIBILITY = YES;
				SWIFT_VERSION = 5.0;
				TARGETED_DEVICE_FAMILY = "1,2,3";
				TEST_TARGET_NAME = example;
				TVOS_DEPLOYMENT_TARGET = 18.0;
				"VALIDATE_EMBEDDED_BINARY[sdk=macosx*]" = NO;
				ENABLE_USER_SCRIPT_SANDBOXING = NO;
			};
			name = Release;
		};
/* End XCBuildConfiguration section */

/* Begin XCConfigurationList section */
		C49DFB7C2F640CF100E39069 /* Build configuration list for PBXProject "example" */ = {
			isa = XCConfigurationList;
			buildConfigurations = (
				C49DFBA22F640CF300E39069 /* Debug */,
				C49DFBA32F640CF300E39069 /* Release */,
			);
			defaultConfigurationIsVisible = 0;
			defaultConfigurationName = Release;
		};
		C49DFBA42F640CF300E39069 /* Build configuration list for PBXNativeTarget "example" */ = {
			isa = XCConfigurationList;
			buildConfigurations = (
				C49DFBA52F640CF300E39069 /* Debug */,
				C49DFBA62F640CF300E39069 /* Release */,
			);
			defaultConfigurationIsVisible = 0;
			defaultConfigurationName = Release;
		};
		C49DFBA72F640CF300E39069 /* Build configuration list for PBXNativeTarget "exampleTests" */ = {
			isa = XCConfigurationList;
			buildConfigurations = (
				C49DFBA82F640CF300E39069 /* Debug */,
				C49DFBA92F640CF300E39069 /* Release */,
			);
			defaultConfigurationIsVisible = 0;
			defaultConfigurationName = Release;
		};
		C49DFBAA2F640CF300E39069 /* Build configuration list for PBXNativeTarget "exampleUITests" */ = {
			isa = XCConfigurationList;
			buildConfigurations = (
				C49DFBAB2F640CF300E39069 /* Debug */,
				C49DFBAC2F640CF300E39069 /* Release */,
			);
			defaultConfigurationIsVisible = 0;
			defaultConfigurationName = Release;
		};
/* End XCConfigurationList section */
	};
	rootObject = C49DFB792F640CF100E39069 /* Project object */;
}
